
Microsoft Visual Studio Solution File, Format Version 12.00
# Visual Studio Version 17
VisualStudioVersion = 17.5.002.0
MinimumVisualStudioVersion = 10.0.40219.1
Project("{2150E333-8FDC-42A3-9474-1A3956D46DE8}") = "src", "src", "{97296E04-0E2F-4C1C-A0B9-6BDBFD3FF5F0}"
EndProject
Project("{9A19103F-16F7-4668-BE54-9A1E7A4F7556}") = "LethalConstellations", "src\Template\LethalConstellations.csproj", "{513A9C14-EDBD-4354-BC22-A5BD1DDFFB6E}"
EndProject
Global
	GlobalSection(SolutionConfigurationPlatforms) = preSolution
		Debug|Any CPU = Debug|Any CPU
		Release|Any CPU = Release|Any CPU
	EndGlobalSection
	GlobalSection(ProjectConfigurationPlatforms) = postSolution
		{513A9C14-EDBD-4354-BC22-A5BD1DDFFB6E}.Debug|Any CPU.ActiveCfg = Debug|Any CPU
		{513A9C14-EDBD-4354-BC22-A5BD1DDFFB6E}.Debug|Any CPU.Build.0 = Debug|Any CPU
		{513A9C14-EDBD-4354-BC22-A5BD1DDFFB6E}.Release|Any CPU.ActiveCfg = Release|Any CPU
		{513A9C14-EDBD-4354-BC22-A5BD1DDFFB6E}.Release|Any CPU.Build.0 = Release|Any CPU
	EndGlobalSection
	GlobalSection(SolutionProperties) = preSolution
		HideSolutionNode = FALSE
	EndGlobalSection
	GlobalSection(NestedProjects) = preSolution
		{513A9C14-EDBD-4354-BC22-A5BD1DDFFB6E} = {97296E04-0E2F-4C1C-A0B9-6BDBFD3FF5F0}
	EndGlobalSection
	GlobalSection(ExtensibilityGlobals) = postSolution
		SolutionGuid = {92F6D475-68F0-44D6-A1AF-A28F5948E381}
	EndGlobalSection
EndGlobal
